{
  "requires": true,
  "lockfileVersion": 1,
  "dependencies": {
    "mini-antui": {
      "version": "0.3.12",
      "resolved": "https://registry.npmjs.org/mini-antui/-/mini-antui-0.3.12.tgz",
      "integrity": "sha512-2xZS31FgTbJEKEV5bgMb76tT5/NE05Hz8XEp90rodN6tDhJPIaakwm4XQN7yFvZEzzLF91AgTCjJwu0cGytNRw=="
    }
  }
}
